apiVersion: vendir.k14s.io/v1alpha1
directories:
- contents:
  - git:
      commitTitle: Fix cloudbuild policy.json for opm render...
      sha: 22c9486361e1f4affaf1fc4c8adb1057b3191422
      tags:
      - v0.10.1
    path: .
  path: helm/security-profiles-operator/charts/security-profiles-operator
kind: LockConfig
