apiVersion: vendir.k14s.io/v1alpha1
directories:
- contents:
  - git:
      commitTitle: Bump version to v1.1.1 for release...
      sha: 530ad36f753f370091100cc0fb7ebeb24d4199f7
      tags:
      - v1.1.1
    path: .
  path: helm/security-profiles-operator/charts/security-profiles-operator
- contents:
  - git:
      commitTitle: Update Changelog and VERSION for release 2.20260616....
      sha: 1a3dc60444dcb11769e0ee47a936d13a090a585c
      tags:
      - RELEASE_2_20260616
    path: .
  path: helm/security-profiles-operator/udica-templates
kind: LockConfig
