apiVersion: vendir.k14s.io/v1alpha1
directories:
- contents:
  - git:
      commitTitle: Release v1.0.1...
      sha: c909036d1dcb5f6317e72dfac7a0334acbbf9df7
      tags:
      - v1.0.1
    path: .
  path: helm/security-profiles-operator/charts/security-profiles-operator
- contents:
  - git:
      commitTitle: Update Changelog and VERSION for release 2.20260616....
      sha: 1a3dc60444dcb11769e0ee47a936d13a090a585c
      tags:
      - RELEASE_2_20260616
    path: .
  path: helm/security-profiles-operator/udica-templates
kind: LockConfig
